
Microsoft Visual Studio Solution File, Format Version 12.00
# Visual Studio Version 17
VisualStudioVersion = 17.7.34024.191
MinimumVisualStudioVersion = 10.0.40219.1
Project("{FAE04EC0-301F-11D3-BF4B-00C04F79EFBC}") = "ZooManagement_Project_PRN211", "ZooManagement_Project_PRN211\ZooManagement_Project_PRN211.csproj", "{0867E7DA-6E83-47F7-AC30-DEE760B9A34A}"
EndProject
Project("{FAE04EC0-301F-11D3-BF4B-00C04F79EFBC}") = "ZooDAO", "ZooDAO\ZooDAO.csproj", "{F85FBC1F-227F-45A8-9025-978357EDF27F}"
EndProject
Project("{FAE04EC0-301F-11D3-BF4B-00C04F79EFBC}") = "ZooRepo", "ZooRepo\ZooRepo.csproj", "{40154B3D-D059-47A1-BF6A-BE0963BD0138}"
EndProject
Project("{FAE04EC0-301F-11D3-BF4B-00C04F79EFBC}") = "ZooService", "ZooService\ZooService.csproj", "{88BA383B-15C5-4000-9038-F52E9316FDDE}"
EndProject
Project("{FAE04EC0-301F-11D3-BF4B-00C04F79EFBC}") = "BusinessObject", "BusinessObject\BusinessObject.csproj", "{AC50A231-D718-43CE-8916-7FBF6BC7470B}"
EndProject
Global
	GlobalSection(SolutionConfigurationPlatforms) = preSolution
		Debug|Any CPU = Debug|Any CPU
		Release|Any CPU = Release|Any CPU
	EndGlobalSection
	GlobalSection(ProjectConfigurationPlatforms) = postSolution
		{0867E7DA-6E83-47F7-AC30-DEE760B9A34A}.Debug|Any CPU.ActiveCfg = Debug|Any CPU
		{0867E7DA-6E83-47F7-AC30-DEE760B9A34A}.Debug|Any CPU.Build.0 = Debug|Any CPU
		{0867E7DA-6E83-47F7-AC30-DEE760B9A34A}.Release|Any CPU.ActiveCfg = Release|Any CPU
		{0867E7DA-6E83-47F7-AC30-DEE760B9A34A}.Release|Any CPU.Build.0 = Release|Any CPU
		{F85FBC1F-227F-45A8-9025-978357EDF27F}.Debug|Any CPU.ActiveCfg = Debug|Any CPU
		{F85FBC1F-227F-45A8-9025-978357EDF27F}.Debug|Any CPU.Build.0 = Debug|Any CPU
		{F85FBC1F-227F-45A8-9025-978357EDF27F}.Release|Any CPU.ActiveCfg = Release|Any CPU
		{F85FBC1F-227F-45A8-9025-978357EDF27F}.Release|Any CPU.Build.0 = Release|Any CPU
		{40154B3D-D059-47A1-BF6A-BE0963BD0138}.Debug|Any CPU.ActiveCfg = Debug|Any CPU
		{40154B3D-D059-47A1-BF6A-BE0963BD0138}.Debug|Any CPU.Build.0 = Debug|Any CPU
		{40154B3D-D059-47A1-BF6A-BE0963BD0138}.Release|Any CPU.ActiveCfg = Release|Any CPU
		{40154B3D-D059-47A1-BF6A-BE0963BD0138}.Release|Any CPU.Build.0 = Release|Any CPU
		{88BA383B-15C5-4000-9038-F52E9316FDDE}.Debug|Any CPU.ActiveCfg = Debug|Any CPU
		{88BA383B-15C5-4000-9038-F52E9316FDDE}.Debug|Any CPU.Build.0 = Debug|Any CPU
		{88BA383B-15C5-4000-9038-F52E9316FDDE}.Release|Any CPU.ActiveCfg = Release|Any CPU
		{88BA383B-15C5-4000-9038-F52E9316FDDE}.Release|Any CPU.Build.0 = Release|Any CPU
		{AC50A231-D718-43CE-8916-7FBF6BC7470B}.Debug|Any CPU.ActiveCfg = Debug|Any CPU
		{AC50A231-D718-43CE-8916-7FBF6BC7470B}.Debug|Any CPU.Build.0 = Debug|Any CPU
		{AC50A231-D718-43CE-8916-7FBF6BC7470B}.Release|Any CPU.ActiveCfg = Release|Any CPU
		{AC50A231-D718-43CE-8916-7FBF6BC7470B}.Release|Any CPU.Build.0 = Release|Any CPU
	EndGlobalSection
	GlobalSection(SolutionProperties) = preSolution
		HideSolutionNode = FALSE
	EndGlobalSection
	GlobalSection(ExtensibilityGlobals) = postSolution
		SolutionGuid = {DAFB8050-7196-46FC-A2BF-76F14FAF2DF5}
	EndGlobalSection
EndGlobal
